{
  "name": "typecourse",
  "lockfileVersion": 2,
  "requires": true,
  "packages": {
    "": {
      "dependencies": {
        "@types/bcrypt": "^5.0.0",
        "@types/jsonwebtoken": "^8.5.6",
        "@types/morgan": "^1.9.3"
      }
    },
    "node_modules/@types/bcrypt": {
      "version": "5.0.0",
      "resolved": "https://registry.npmjs.org/@types/bcrypt/-/bcrypt-5.0.0.tgz",
      "integrity": "sha512-agtcFKaruL8TmcvqbndlqHPSJgsolhf/qPWchFlgnW1gECTN/nKbFcoFnvKAQRFfKbh+BO6A3SWdJu9t+xF3Lw==",
      "dependencies": {
        "@types/node": "*"
      }
    },
    "node_modules/@types/jsonwebtoken": {
      "version": "8.5.6",
      "resolved": "https://registry.npmjs.org/@types/jsonwebtoken/-/jsonwebtoken-8.5.6.tgz",
      "integrity": "sha512-+P3O/xC7nzVizIi5VbF34YtqSonFsdnbXBnWUCYRiKOi1f9gA4sEFvXkrGr/QVV23IbMYvcoerI7nnhDUiWXRQ==",
      "dependencies": {
        "@types/node": "*"
      }
    },
    "node_modules/@types/morgan": {
      "version": "1.9.3",
      "resolved": "https://registry.npmjs.org/@types/morgan/-/morgan-1.9.3.tgz",
      "integrity": "sha512-BiLcfVqGBZCyNCnCH3F4o2GmDLrpy0HeBVnNlyZG4fo88ZiE9SoiBe3C+2ezuwbjlEyT+PDZ17//TAlRxAn75Q==",
      "dependencies": {
        "@types/node": "*"
      }
    },
    "node_modules/@types/node": {
      "version": "17.0.7",
      "resolved": "https://registry.npmjs.org/@types/node/-/node-17.0.7.tgz",
      "integrity": "sha512-1QUk+WAUD4t8iR+Oj+UgI8oJa6yyxaB8a8pHaC8uqM6RrS1qbL7bf3Pwl5rHv0psm2CuDErgho6v5N+G+5fwtQ=="
    }
  },
  "dependencies": {
    "@types/bcrypt": {
      "version": "5.0.0",
      "resolved": "https://registry.npmjs.org/@types/bcrypt/-/bcrypt-5.0.0.tgz",
      "integrity": "sha512-agtcFKaruL8TmcvqbndlqHPSJgsolhf/qPWchFlgnW1gECTN/nKbFcoFnvKAQRFfKbh+BO6A3SWdJu9t+xF3Lw==",
      "requires": {
        "@types/node": "*"
      }
    },
    "@types/jsonwebtoken": {
      "version": "8.5.6",
      "resolved": "https://registry.npmjs.org/@types/jsonwebtoken/-/jsonwebtoken-8.5.6.tgz",
      "integrity": "sha512-+P3O/xC7nzVizIi5VbF34YtqSonFsdnbXBnWUCYRiKOi1f9gA4sEFvXkrGr/QVV23IbMYvcoerI7nnhDUiWXRQ==",
      "requires": {
        "@types/node": "*"
      }
    },
    "@types/morgan": {
      "version": "1.9.3",
      "resolved": "https://registry.npmjs.org/@types/morgan/-/morgan-1.9.3.tgz",
      "integrity": "sha512-BiLcfVqGBZCyNCnCH3F4o2GmDLrpy0HeBVnNlyZG4fo88ZiE9SoiBe3C+2ezuwbjlEyT+PDZ17//TAlRxAn75Q==",
      "requires": {
        "@types/node": "*"
      }
    },
    "@types/node": {
      "version": "17.0.7",
      "resolved": "https://registry.npmjs.org/@types/node/-/node-17.0.7.tgz",
      "integrity": "sha512-1QUk+WAUD4t8iR+Oj+UgI8oJa6yyxaB8a8pHaC8uqM6RrS1qbL7bf3Pwl5rHv0psm2CuDErgho6v5N+G+5fwtQ=="
    }
  }
}
